
Microsoft Visual Studio Solution File, Format Version 12.00
# Visual Studio Version 17
VisualStudioVersion = 17.4.33103.184
MinimumVisualStudioVersion = 10.0.40219.1
Project("{FAE04EC0-301F-11D3-BF4B-00C04F79EFBC}") = "RestartButton", "RestartButton.csproj", "{A85D4510-95E0-4A3F-8E9E-32A3DBADE008}"
EndProject
Global
	GlobalSection(SolutionConfigurationPlatforms) = preSolution
		Debug|Any CPU = Debug|Any CPU
		Release|Any CPU = Release|Any CPU
	EndGlobalSection
	GlobalSection(ProjectConfigurationPlatforms) = postSolution
		{A85D4510-95E0-4A3F-8E9E-32A3DBADE008}.Debug|Any CPU.ActiveCfg = Debug|Any CPU
		{A85D4510-95E0-4A3F-8E9E-32A3DBADE008}.Debug|Any CPU.Build.0 = Debug|Any CPU
		{A85D4510-95E0-4A3F-8E9E-32A3DBADE008}.Release|Any CPU.ActiveCfg = Release|Any CPU
		{A85D4510-95E0-4A3F-8E9E-32A3DBADE008}.Release|Any CPU.Build.0 = Release|Any CPU
	EndGlobalSection
	GlobalSection(SolutionProperties) = preSolution
		HideSolutionNode = FALSE
	EndGlobalSection
	GlobalSection(ExtensibilityGlobals) = postSolution
		SolutionGuid = {D774307C-D6AE-4D26-B2F7-32941FA1638D}
	EndGlobalSection
EndGlobal
